
Microsoft Visual Studio Solution File, Format Version 12.00
# Visual Studio Version 17
VisualStudioVersion = 17.7.34221.43
MinimumVisualStudioVersion = 10.0.40219.1
Project("{8BC9CEB8-8B4A-11D0-8D11-00A0C91BC942}") = "M5_UF3_PT1_Miret-Pol", "M5_UF3_PT1_Miret-Pol\M5_UF3_PT1_Miret-Pol.vcxproj", "{FBFF4A4C-3D42-4772-8FF9-70AF9D5DD187}"
EndProject
Global
	GlobalSection(SolutionConfigurationPlatforms) = preSolution
		Debug|x64 = Debug|x64
		Debug|x86 = Debug|x86
		Release|x64 = Release|x64
		Release|x86 = Release|x86
	EndGlobalSection
	GlobalSection(ProjectConfigurationPlatforms) = postSolution
		{FBFF4A4C-3D42-4772-8FF9-70AF9D5DD187}.Debug|x64.ActiveCfg = Debug|x64
		{FBFF4A4C-3D42-4772-8FF9-70AF9D5DD187}.Debug|x64.Build.0 = Debug|x64
		{FBFF4A4C-3D42-4772-8FF9-70AF9D5DD187}.Debug|x86.ActiveCfg = Debug|Win32
		{FBFF4A4C-3D42-4772-8FF9-70AF9D5DD187}.Debug|x86.Build.0 = Debug|Win32
		{FBFF4A4C-3D42-4772-8FF9-70AF9D5DD187}.Release|x64.ActiveCfg = Release|x64
		{FBFF4A4C-3D42-4772-8FF9-70AF9D5DD187}.Release|x64.Build.0 = Release|x64
		{FBFF4A4C-3D42-4772-8FF9-70AF9D5DD187}.Release|x86.ActiveCfg = Release|Win32
		{FBFF4A4C-3D42-4772-8FF9-70AF9D5DD187}.Release|x86.Build.0 = Release|Win32
	EndGlobalSection
	GlobalSection(SolutionProperties) = preSolution
		HideSolutionNode = FALSE
	EndGlobalSection
	GlobalSection(ExtensibilityGlobals) = postSolution
		SolutionGuid = {305FB218-4E45-46B0-8235-4F57B9948471}
	EndGlobalSection
EndGlobal
